
Microsoft Visual Studio Solution File, Format Version 12.00
# Visual Studio Version 17
VisualStudioVersion = 17.13.35825.156 d17.13
MinimumVisualStudioVersion = 10.0.40219.1
Project("{FAE04EC0-301F-11D3-BF4B-00C04F79EFBC}") = "RMS", "RMS\RMS\RMS.csproj", "{B14678F1-D033-4F16-948A-7415016AF236}"
EndProject
Project("{FAE04EC0-301F-11D3-BF4B-00C04F79EFBC}") = "RMS.Client", "RMS\RMS.Client\RMS.Client.csproj", "{AED8794B-0CEF-4AA6-BD41-8E22D3217C95}"
EndProject
Project("{FAE04EC0-301F-11D3-BF4B-00C04F79EFBC}") = "RMS.Shared", "RMS.Shared\RMS.Shared.csproj", "{2513E5FB-8F0D-43AD-B79A-5B80004B39F8}"
EndProject
Global
	GlobalSection(SolutionConfigurationPlatforms) = preSolution
		Debug|Any CPU = Debug|Any CPU
		Release|Any CPU = Release|Any CPU
	EndGlobalSection
	GlobalSection(ProjectConfigurationPlatforms) = postSolution
		{B14678F1-D033-4F16-948A-7415016AF236}.Debug|Any CPU.ActiveCfg = Debug|Any CPU
		{B14678F1-D033-4F16-948A-7415016AF236}.Debug|Any CPU.Build.0 = Debug|Any CPU
		{B14678F1-D033-4F16-948A-7415016AF236}.Release|Any CPU.ActiveCfg = Release|Any CPU
		{B14678F1-D033-4F16-948A-7415016AF236}.Release|Any CPU.Build.0 = Release|Any CPU
		{AED8794B-0CEF-4AA6-BD41-8E22D3217C95}.Debug|Any CPU.ActiveCfg = Debug|Any CPU
		{AED8794B-0CEF-4AA6-BD41-8E22D3217C95}.Debug|Any CPU.Build.0 = Debug|Any CPU
		{AED8794B-0CEF-4AA6-BD41-8E22D3217C95}.Release|Any CPU.ActiveCfg = Release|Any CPU
		{AED8794B-0CEF-4AA6-BD41-8E22D3217C95}.Release|Any CPU.Build.0 = Release|Any CPU
		{2513E5FB-8F0D-43AD-B79A-5B80004B39F8}.Debug|Any CPU.ActiveCfg = Debug|Any CPU
		{2513E5FB-8F0D-43AD-B79A-5B80004B39F8}.Debug|Any CPU.Build.0 = Debug|Any CPU
		{2513E5FB-8F0D-43AD-B79A-5B80004B39F8}.Release|Any CPU.ActiveCfg = Release|Any CPU
		{2513E5FB-8F0D-43AD-B79A-5B80004B39F8}.Release|Any CPU.Build.0 = Release|Any CPU
	EndGlobalSection
	GlobalSection(SolutionProperties) = preSolution
		HideSolutionNode = FALSE
	EndGlobalSection
	GlobalSection(ExtensibilityGlobals) = postSolution
		SolutionGuid = {C980D379-B824-4F7B-B165-43FF8BC29661}
	EndGlobalSection
EndGlobal
